
Microsoft Visual Studio Solution File, Format Version 12.00
# Visual Studio Version 17
VisualStudioVersion = 17.12.35707.178 d17.12
MinimumVisualStudioVersion = 10.0.40219.1
Project("{FAE04EC0-301F-11D3-BF4B-00C04F79EFBC}") = "CursoEsc.Server", "CursoEsc.Server\CursoEsc.Server.csproj", "{2AECD78D-432E-4394-A9B3-B0AD663A5A0B}"
EndProject
Project("{54A90642-561A-4BB1-A94E-469ADEE60C69}") = "cursoesc.client", "cursoesc.client\cursoesc.client.esproj", "{A14A7AD8-52E5-418C-B513-BD5A9C727F14}"
EndProject
Global
	GlobalSection(SolutionConfigurationPlatforms) = preSolution
		Debug|Any CPU = Debug|Any CPU
		Release|Any CPU = Release|Any CPU
	EndGlobalSection
	GlobalSection(ProjectConfigurationPlatforms) = postSolution
		{2AECD78D-432E-4394-A9B3-B0AD663A5A0B}.Debug|Any CPU.ActiveCfg = Debug|Any CPU
		{2AECD78D-432E-4394-A9B3-B0AD663A5A0B}.Debug|Any CPU.Build.0 = Debug|Any CPU
		{2AECD78D-432E-4394-A9B3-B0AD663A5A0B}.Release|Any CPU.ActiveCfg = Release|Any CPU
		{2AECD78D-432E-4394-A9B3-B0AD663A5A0B}.Release|Any CPU.Build.0 = Release|Any CPU
		{A14A7AD8-52E5-418C-B513-BD5A9C727F14}.Debug|Any CPU.ActiveCfg = Debug|Any CPU
		{A14A7AD8-52E5-418C-B513-BD5A9C727F14}.Debug|Any CPU.Build.0 = Debug|Any CPU
		{A14A7AD8-52E5-418C-B513-BD5A9C727F14}.Debug|Any CPU.Deploy.0 = Debug|Any CPU
		{A14A7AD8-52E5-418C-B513-BD5A9C727F14}.Release|Any CPU.ActiveCfg = Release|Any CPU
		{A14A7AD8-52E5-418C-B513-BD5A9C727F14}.Release|Any CPU.Build.0 = Release|Any CPU
		{A14A7AD8-52E5-418C-B513-BD5A9C727F14}.Release|Any CPU.Deploy.0 = Release|Any CPU
	EndGlobalSection
	GlobalSection(SolutionProperties) = preSolution
		HideSolutionNode = FALSE
	EndGlobalSection
EndGlobal
